
Microsoft Visual Studio Solution File, Format Version 12.00
# Visual Studio Version 16
VisualStudioVersion = 16.0.31129.286
MinimumVisualStudioVersion = 10.0.40219.1
Project("{9A19103F-16F7-4668-BE54-9A1E7A4F7556}") = "a-KampIntro", "a-KampIntro\a-KampIntro.csproj", "{2147A9B5-F29A-40C8-9927-250D70871AEB}"
EndProject
Project("{9A19103F-16F7-4668-BE54-9A1E7A4F7556}") = "b-Donguler", "b-Donguler\b-Donguler.csproj", "{073D6139-BF3C-4933-B124-8DB4DA3E1982}"
EndProject
Project("{9A19103F-16F7-4668-BE54-9A1E7A4F7556}") = "c-ClassIntro", "c-ClassIntro\c-ClassIntro.csproj", "{E90F02F2-7EBB-49DC-8CE7-16EF9D921810}"
EndProject
Project("{9A19103F-16F7-4668-BE54-9A1E7A4F7556}") = "d-Metotlar", "d-Metotlar\d-Metotlar.csproj", "{F0CB3A37-B359-4358-B1EB-A1C682887C5C}"
EndProject
Project("{9A19103F-16F7-4668-BE54-9A1E7A4F7556}") = "d1-Matematik", "d1-Matematik\d1-Matematik.csproj", "{36A3E441-66F8-450D-8FAB-79C94225B301}"
EndProject
Project("{9A19103F-16F7-4668-BE54-9A1E7A4F7556}") = "e-DegerVeReferansTipler", "e-DegerVeReferansTipler\e-DegerVeReferansTipler.csproj", "{2FE61B96-5412-4CC7-9AD3-26B5D9817A4D}"
EndProject
Project("{9A19103F-16F7-4668-BE54-9A1E7A4F7556}") = "e1-ClassMetotDemo", "e1-ClassMetotDemo\e1-ClassMetotDemo.csproj", "{C09B4C76-2982-485B-B0D0-8DBFF38D53D4}"
EndProject
Project("{9A19103F-16F7-4668-BE54-9A1E7A4F7556}") = "f-OOP1", "f-OOP1\f-OOP1.csproj", "{D8106D65-DD8F-4C5F-BC9C-CE57ECFAED73}"
EndProject
Project("{9A19103F-16F7-4668-BE54-9A1E7A4F7556}") = "g-Collections", "g-Collections\g-Collections.csproj", "{A78AB930-D732-4985-958E-24EE5E29F29F}"
EndProject
Project("{9A19103F-16F7-4668-BE54-9A1E7A4F7556}") = "h-GenericsIntro", "h-GenericsIntro\h-GenericsIntro.csproj", "{E99C5A5F-7831-4A50-BF6B-DB254266C008}"
EndProject
Project("{9A19103F-16F7-4668-BE54-9A1E7A4F7556}") = "i-Constructors", "i-Constructors\i-Constructors.csproj", "{BC0AD99B-3F28-4C4B-AAAF-DE4B076F1A23}"
EndProject
Project("{FAE04EC0-301F-11D3-BF4B-00C04F79EFBC}") = "j-OOP2", "j-OOP2\j-OOP2.csproj", "{DE95C6B9-EEB1-4510-906A-3201641C123B}"
EndProject
Project("{FAE04EC0-301F-11D3-BF4B-00C04F79EFBC}") = "k-OOP3", "k-OOP3\k-OOP3.csproj", "{021F6A9B-F4E1-4ADC-AF8A-A154A723701B}"
EndProject
Global
	GlobalSection(SolutionConfigurationPlatforms) = preSolution
		Debug|Any CPU = Debug|Any CPU
		Release|Any CPU = Release|Any CPU
	EndGlobalSection
	GlobalSection(ProjectConfigurationPlatforms) = postSolution
		{2147A9B5-F29A-40C8-9927-250D70871AEB}.Debug|Any CPU.ActiveCfg = Debug|Any CPU
		{2147A9B5-F29A-40C8-9927-250D70871AEB}.Debug|Any CPU.Build.0 = Debug|Any CPU
		{2147A9B5-F29A-40C8-9927-250D70871AEB}.Release|Any CPU.ActiveCfg = Release|Any CPU
		{2147A9B5-F29A-40C8-9927-250D70871AEB}.Release|Any CPU.Build.0 = Release|Any CPU
		{073D6139-BF3C-4933-B124-8DB4DA3E1982}.Debug|Any CPU.ActiveCfg = Debug|Any CPU
		{073D6139-BF3C-4933-B124-8DB4DA3E1982}.Debug|Any CPU.Build.0 = Debug|Any CPU
		{073D6139-BF3C-4933-B124-8DB4DA3E1982}.Release|Any CPU.ActiveCfg = Release|Any CPU
		{073D6139-BF3C-4933-B124-8DB4DA3E1982}.Release|Any CPU.Build.0 = Release|Any CPU
		{E90F02F2-7EBB-49DC-8CE7-16EF9D921810}.Debug|Any CPU.ActiveCfg = Debug|Any CPU
		{E90F02F2-7EBB-49DC-8CE7-16EF9D921810}.Debug|Any CPU.Build.0 = Debug|Any CPU
		{E90F02F2-7EBB-49DC-8CE7-16EF9D921810}.Release|Any CPU.ActiveCfg = Release|Any CPU
		{E90F02F2-7EBB-49DC-8CE7-16EF9D921810}.Release|Any CPU.Build.0 = Release|Any CPU
		{F0CB3A37-B359-4358-B1EB-A1C682887C5C}.Debug|Any CPU.ActiveCfg = Debug|Any CPU
		{F0CB3A37-B359-4358-B1EB-A1C682887C5C}.Debug|Any CPU.Build.0 = Debug|Any CPU
		{F0CB3A37-B359-4358-B1EB-A1C682887C5C}.Release|Any CPU.ActiveCfg = Release|Any CPU
		{F0CB3A37-B359-4358-B1EB-A1C682887C5C}.Release|Any CPU.Build.0 = Release|Any CPU
		{36A3E441-66F8-450D-8FAB-79C94225B301}.Debug|Any CPU.ActiveCfg = Debug|Any CPU
		{36A3E441-66F8-450D-8FAB-79C94225B301}.Debug|Any CPU.Build.0 = Debug|Any CPU
		{36A3E441-66F8-450D-8FAB-79C94225B301}.Release|Any CPU.ActiveCfg = Release|Any CPU
		{36A3E441-66F8-450D-8FAB-79C94225B301}.Release|Any CPU.Build.0 = Release|Any CPU
		{2FE61B96-5412-4CC7-9AD3-26B5D9817A4D}.Debug|Any CPU.ActiveCfg = Debug|Any CPU
		{2FE61B96-5412-4CC7-9AD3-26B5D9817A4D}.Debug|Any CPU.Build.0 = Debug|Any CPU
		{2FE61B96-5412-4CC7-9AD3-26B5D9817A4D}.Release|Any CPU.ActiveCfg = Release|Any CPU
		{2FE61B96-5412-4CC7-9AD3-26B5D9817A4D}.Release|Any CPU.Build.0 = Release|Any CPU
		{C09B4C76-2982-485B-B0D0-8DBFF38D53D4}.Debug|Any CPU.ActiveCfg = Debug|Any CPU
		{C09B4C76-2982-485B-B0D0-8DBFF38D53D4}.Debug|Any CPU.Build.0 = Debug|Any CPU
		{C09B4C76-2982-485B-B0D0-8DBFF38D53D4}.Release|Any CPU.ActiveCfg = Release|Any CPU
		{C09B4C76-2982-485B-B0D0-8DBFF38D53D4}.Release|Any CPU.Build.0 = Release|Any CPU
		{D8106D65-DD8F-4C5F-BC9C-CE57ECFAED73}.Debug|Any CPU.ActiveCfg = Debug|Any CPU
		{D8106D65-DD8F-4C5F-BC9C-CE57ECFAED73}.Debug|Any CPU.Build.0 = Debug|Any CPU
		{D8106D65-DD8F-4C5F-BC9C-CE57ECFAED73}.Release|Any CPU.ActiveCfg = Release|Any CPU
		{D8106D65-DD8F-4C5F-BC9C-CE57ECFAED73}.Release|Any CPU.Build.0 = Release|Any CPU
		{A78AB930-D732-4985-958E-24EE5E29F29F}.Debug|Any CPU.ActiveCfg = Debug|Any CPU
		{A78AB930-D732-4985-958E-24EE5E29F29F}.Debug|Any CPU.Build.0 = Debug|Any CPU
		{A78AB930-D732-4985-958E-24EE5E29F29F}.Release|Any CPU.ActiveCfg = Release|Any CPU
		{A78AB930-D732-4985-958E-24EE5E29F29F}.Release|Any CPU.Build.0 = Release|Any CPU
		{E99C5A5F-7831-4A50-BF6B-DB254266C008}.Debug|Any CPU.ActiveCfg = Debug|Any CPU
		{E99C5A5F-7831-4A50-BF6B-DB254266C008}.Debug|Any CPU.Build.0 = Debug|Any CPU
		{E99C5A5F-7831-4A50-BF6B-DB254266C008}.Release|Any CPU.ActiveCfg = Release|Any CPU
		{E99C5A5F-7831-4A50-BF6B-DB254266C008}.Release|Any CPU.Build.0 = Release|Any CPU
		{BC0AD99B-3F28-4C4B-AAAF-DE4B076F1A23}.Debug|Any CPU.ActiveCfg = Debug|Any CPU
		{BC0AD99B-3F28-4C4B-AAAF-DE4B076F1A23}.Debug|Any CPU.Build.0 = Debug|Any CPU
		{BC0AD99B-3F28-4C4B-AAAF-DE4B076F1A23}.Release|Any CPU.ActiveCfg = Release|Any CPU
		{BC0AD99B-3F28-4C4B-AAAF-DE4B076F1A23}.Release|Any CPU.Build.0 = Release|Any CPU
		{DE95C6B9-EEB1-4510-906A-3201641C123B}.Debug|Any CPU.ActiveCfg = Debug|Any CPU
		{DE95C6B9-EEB1-4510-906A-3201641C123B}.Debug|Any CPU.Build.0 = Debug|Any CPU
		{DE95C6B9-EEB1-4510-906A-3201641C123B}.Release|Any CPU.ActiveCfg = Release|Any CPU
		{DE95C6B9-EEB1-4510-906A-3201641C123B}.Release|Any CPU.Build.0 = Release|Any CPU
		{021F6A9B-F4E1-4ADC-AF8A-A154A723701B}.Debug|Any CPU.ActiveCfg = Debug|Any CPU
		{021F6A9B-F4E1-4ADC-AF8A-A154A723701B}.Debug|Any CPU.Build.0 = Debug|Any CPU
		{021F6A9B-F4E1-4ADC-AF8A-A154A723701B}.Release|Any CPU.ActiveCfg = Release|Any CPU
		{021F6A9B-F4E1-4ADC-AF8A-A154A723701B}.Release|Any CPU.Build.0 = Release|Any CPU
	EndGlobalSection
	GlobalSection(SolutionProperties) = preSolution
		HideSolutionNode = FALSE
	EndGlobalSection
	GlobalSection(ExtensibilityGlobals) = postSolution
		SolutionGuid = {959EFA3F-4FED-4E9C-B9AF-666F5AD27BC4}
	EndGlobalSection
EndGlobal
